<?xml version="1.0" encoding="utf-8"?>
<Project ToolsVersion="4.0" xmlns="http://schemas.microsoft.com/developer/msbuild/2003">
  <ItemGroup>
    <Filter Include="Main">
      <UniqueIdentifier>{eda0efdf-573e-4931-9f41-374ef493bbdd}</UniqueIdentifier>
    </Filter>
    <Filter Include="Thread">
      <UniqueIdentifier>{a95af20f-4f85-4ed5-8c3c-09b62d27e554}</UniqueIdentifier>
    </Filter>
    <Filter Include="Util">
      <UniqueIdentifier>{a6e3cf21-9364-4ff5-b658-5af8a5f4f20d}</UniqueIdentifier>
    </Filter>
    <Filter Include="Network">
      <UniqueIdentifier>{7bbf481f-b8ea-4a61-917e-2d23ddd357ca}</UniqueIdentifier>
    </Filter>
    <Filter Include="Room">
      <UniqueIdentifier>{7853e4e0-380b-492d-a0f7-e66f60d7bc91}</UniqueIdentifier>
    </Filter>
    <Filter Include="Session">
      <UniqueIdentifier>{23a66a44-420a-45bf-b11a-a995896c51dc}</UniqueIdentifier>
    </Filter>
    <Filter Include="IocpCore">
      <UniqueIdentifier>{25981e20-db04-4451-b45e-daf4d3161c2a}</UniqueIdentifier>
    </Filter>
    <Filter Include="Memory">
      <UniqueIdentifier>{198423d0-46ae-40c4-9c0c-197efeda2ca7}</UniqueIdentifier>
    </Filter>
  </ItemGroup>
  <ItemGroup>
    <ClInclude Include="CoreGlobal.h">
      <Filter>Main</Filter>
    </ClInclude>
    <ClInclude Include="CoreMacro.h">
      <Filter>Main</Filter>
    </ClInclude>
    <ClInclude Include="CorePch.h">
      <Filter>Main</Filter>
    </ClInclude>
    <ClInclude Include="ThreadManager.h">
      <Filter>Thread</Filter>
    </ClInclude>
    <ClInclude Include="Types.h">
      <Filter>Main</Filter>
    </ClInclude>
    <ClInclude Include="pch.h">
      <Filter>Main</Filter>
    </ClInclude>
    <ClInclude Include="RWLock.h">
      <Filter>Thread</Filter>
    </ClInclude>
    <ClInclude Include="SocketUtil.h">
      <Filter>Network</Filter>
    </ClInclude>
    <ClInclude Include="protocol.h">
      <Filter>Main</Filter>
    </ClInclude>
    <ClInclude Include="DeadLockFinder.h">
      <Filter>Thread</Filter>
    </ClInclude>
    <ClInclude Include="RoomManager.h">
      <Filter>Room</Filter>
    </ClInclude>
    <ClInclude Include="CoreTLS.h">
      <Filter>Main</Filter>
    </ClInclude>
    <ClInclude Include="Session.h">
      <Filter>Session</Filter>
    </ClInclude>
    <ClInclude Include="AcceptManager.h">
      <Filter>Network</Filter>
    </ClInclude>
    <ClInclude Include="IocpCore.h">
      <Filter>IocpCore</Filter>
    </ClInclude>
    <ClInclude Include="IocpEvent.h">
      <Filter>IocpCore</Filter>
    </ClInclude>
    <ClInclude Include="Memory.h">
      <Filter>Memory</Filter>
    </ClInclude>
    <ClInclude Include="RefCountable.h">
      <Filter>Memory</Filter>
    </ClInclude>
    <ClInclude Include="Allocator.h">
      <Filter>Memory</Filter>
    </ClInclude>
    <ClInclude Include="ConnectManager.h">
      <Filter>Network</Filter>
    </ClInclude>
  </ItemGroup>
  <ItemGroup>
    <ClCompile Include="CoreGlobal.cpp">
      <Filter>Main</Filter>
    </ClCompile>
    <ClCompile Include="CoreMacro.cpp">
      <Filter>Main</Filter>
    </ClCompile>
    <ClCompile Include="CorePch.cpp">
      <Filter>Main</Filter>
    </ClCompile>
    <ClCompile Include="pch.cpp">
      <Filter>Main</Filter>
    </ClCompile>
    <ClCompile Include="ThreadManager.cpp">
      <Filter>Thread</Filter>
    </ClCompile>
    <ClCompile Include="RWLock.cpp">
      <Filter>Thread</Filter>
    </ClCompile>
    <ClCompile Include="SocketUtil.cpp">
      <Filter>Network</Filter>
    </ClCompile>
    <ClCompile Include="DeadLockFinder.cpp">
      <Filter>Thread</Filter>
    </ClCompile>
    <ClCompile Include="RoomManager.cpp">
      <Filter>Room</Filter>
    </ClCompile>
    <ClCompile Include="CoreTLS.cpp">
      <Filter>Main</Filter>
    </ClCompile>
    <ClCompile Include="Session.cpp">
      <Filter>Session</Filter>
    </ClCompile>
    <ClCompile Include="AcceptManager.cpp">
      <Filter>Network</Filter>
    </ClCompile>
    <ClCompile Include="IocpCore.cpp">
      <Filter>IocpCore</Filter>
    </ClCompile>
    <ClCompile Include="IocpEvent.cpp">
      <Filter>IocpCore</Filter>
    </ClCompile>
    <ClCompile Include="Memory.cpp">
      <Filter>Memory</Filter>
    </ClCompile>
    <ClCompile Include="RefCountable.cpp">
      <Filter>Memory</Filter>
    </ClCompile>
    <ClCompile Include="Allocator.cpp">
      <Filter>Memory</Filter>
    </ClCompile>
    <ClCompile Include="ConnectManager.cpp">
      <Filter>Network</Filter>
    </ClCompile>
  </ItemGroup>
</Project>