<?xml version="1.0" encoding="utf-8"?>
<Project ToolsVersion="4.0" xmlns="http://schemas.microsoft.com/developer/msbuild/2003">
  <ItemGroup>
    <ClCompile Include="CGameObject.cpp">
      <Filter>GameObject</Filter>
    </ClCompile>
    <ClCompile Include="CCamera.cpp">
      <Filter>Camera</Filter>
    </ClCompile>
    <ClCompile Include="CMesh.cpp">
      <Filter>Mesh</Filter>
    </ClCompile>
    <ClCompile Include="Player.cpp">
      <Filter>Player</Filter>
    </ClCompile>
    <ClCompile Include="Shader.cpp">
      <Filter>Shader</Filter>
    </ClCompile>
    <ClCompile Include="GameFramework.cpp">
      <Filter>GameFramework</Filter>
    </ClCompile>
    <ClCompile Include="AvoidTheBoss.cpp">
      <Filter>AvoidTheBoss</Filter>
    </ClCompile>
    <ClCompile Include="CScene.cpp">
      <Filter>GameScene</Filter>
    </ClCompile>
    <ClCompile Include="pch.cpp">
      <Filter>AvoidTheBoss</Filter>
    </ClCompile>
    <ClCompile Include="SceneInterface.cpp">
      <Filter>SceneInterface</Filter>
    </ClCompile>
    <ClCompile Include="CBullet.cpp">
      <Filter>GameObject</Filter>
    </ClCompile>
    <ClCompile Include="CBoss.cpp">
      <Filter>Player\BOSS</Filter>
    </ClCompile>
    <ClCompile Include="CEmployee.cpp">
      <Filter>Player\EMPLOYEE</Filter>
    </ClCompile>
    <ClCompile Include="CGenerator.cpp">
      <Filter>GameObject</Filter>
    </ClCompile>
    <ClCompile Include="ClientSession.cpp">
      <Filter>ForClient\ClientSession</Filter>
    </ClCompile>
    <ClCompile Include="CollisionDetector.cpp">
      <Filter>Physics</Filter>
    </ClCompile>
    <ClCompile Include="ClientPacketEvent.cpp">
      <Filter>PacketEvent</Filter>
    </ClCompile>
    <ClCompile Include="CJobQueue.cpp">
      <Filter>JobQueue</Filter>
    </ClCompile>
    <ClCompile Include="clientIocpCore.cpp">
      <Filter>ForClient\IocpCore</Filter>
    </ClCompile>
    <ClCompile Include="DXRHelpers\nv_helpers_dx12\BottomLevelASGenerator.cpp" />
    <ClCompile Include="DXRHelpers\nv_helpers_dx12\RaytracingPipelineGenerator.cpp" />
    <ClCompile Include="DXRHelpers\nv_helpers_dx12\RootSignatureGenerator.cpp" />
    <ClCompile Include="DXRHelpers\nv_helpers_dx12\ShaderBindingTableGenerator.cpp" />
    <ClCompile Include="DXRHelpers\nv_helpers_dx12\TopLevelASGenerator.cpp" />
    <ClCompile Include="D3D12RaytracingRealTimeDenoisedAmbientOcclusion.cpp">
      <Filter>raytracing</Filter>
    </ClCompile>
    <ClCompile Include="RTAO\Denoiser.cpp">
      <Filter>raytracing\RTAO</Filter>
    </ClCompile>
    <ClCompile Include="RTAO\RTAO.cpp">
      <Filter>raytracing\RTAO</Filter>
    </ClCompile>
    <ClCompile Include="RTAO\RTAOGpuKernels.cpp">
      <Filter>raytracing\RTAO</Filter>
    </ClCompile>
    <ClCompile Include="RTAO\Sampler.cpp">
      <Filter>raytracing\RTAO</Filter>
    </ClCompile>
    <ClCompile Include="SampleCore\Composition.cpp">
      <Filter>raytracing\SampleCore</Filter>
    </ClCompile>
    <ClCompile Include="SampleCore\GpuKernels.cpp">
      <Filter>raytracing\SampleCore</Filter>
    </ClCompile>
    <ClCompile Include="SampleCore\Pathtracer.cpp">
      <Filter>raytracing\SampleCore</Filter>
    </ClCompile>
    <ClCompile Include="SampleCore\RaytracingAccelerationStructure.cpp">
      <Filter>raytracing\SampleCore</Filter>
    </ClCompile>
    <ClCompile Include="SampleCore\RaytracingSceneDefines.cpp">
      <Filter>raytracing\SampleCore</Filter>
    </ClCompile>
    <ClCompile Include="SampleCore\Scene.cpp">
      <Filter>raytracing\SampleCore</Filter>
    </ClCompile>
    <ClCompile Include="SampleCore\util\Camera.cpp">
      <Filter>raytracing\SampleCore\Util</Filter>
    </ClCompile>
    <ClCompile Include="SampleCore\util\CameraController.cpp">
      <Filter>raytracing\SampleCore\Util</Filter>
    </ClCompile>
    <ClCompile Include="SampleCore\util\DeviceResources.cpp">
      <Filter>raytracing\SampleCore\Util</Filter>
    </ClCompile>
    <ClCompile Include="SampleCore\util\DXSample.cpp">
      <Filter>raytracing\SampleCore\Util</Filter>
    </ClCompile>
    <ClCompile Include="SampleCore\util\EngineProfiling.cpp">
      <Filter>raytracing\SampleCore\Util</Filter>
    </ClCompile>
    <ClCompile Include="SampleCore\util\EngineTuning.cpp">
      <Filter>raytracing\SampleCore\Util</Filter>
    </ClCompile>
    <ClCompile Include="SampleCore\util\GameInput.cpp">
      <Filter>raytracing\SampleCore\Util</Filter>
    </ClCompile>
    <ClCompile Include="SampleCore\util\GpuResourceStateTracker.cpp">
      <Filter>raytracing\SampleCore\Util</Filter>
    </ClCompile>
    <ClCompile Include="SampleCore\util\GpuTimeManager.cpp">
      <Filter>raytracing\SampleCore\Util</Filter>
    </ClCompile>
    <ClCompile Include="SampleCore\util\PerformanceTimers.cpp">
      <Filter>raytracing\SampleCore\Util</Filter>
    </ClCompile>
    <ClCompile Include="SampleCore\util\UILayer.cpp">
      <Filter>raytracing\SampleCore\Util</Filter>
    </ClCompile>
    <ClCompile Include="SampleCore\util\Win32Application.cpp">
      <Filter>raytracing\SampleCore\Util</Filter>
    </ClCompile>
    <ClCompile Include="SampleCore\PBRTParser\PBRTParser.cpp">
      <Filter>raytracing\SampleCore\PBRTParser</Filter>
    </ClCompile>
    <ClCompile Include="SampleCore\PBRTParser\PlyParser.cpp">
      <Filter>raytracing\SampleCore\PBRTParser</Filter>
    </ClCompile>
    <ClCompile Include="Main.cpp">
      <Filter>raytracing</Filter>
    </ClCompile>
  </ItemGroup>
  <ItemGroup>
    <ClInclude Include="CGameObject.h">
      <Filter>GameObject</Filter>
    </ClInclude>
    <ClInclude Include="Resource.h">
      <Filter>Resource</Filter>
    </ClInclude>
    <ClInclude Include="CCamera.h">
      <Filter>Camera</Filter>
    </ClInclude>
    <ClInclude Include="GameFramework.h">
      <Filter>GameFramework</Filter>
    </ClInclude>
    <ClInclude Include="pch.h">
      <Filter>AvoidTheBoss</Filter>
    </ClInclude>
    <ClInclude Include="CMesh.h">
      <Filter>Mesh</Filter>
    </ClInclude>
    <ClInclude Include="Player.h">
      <Filter>Player</Filter>
    </ClInclude>
    <ClInclude Include="Shader.h">
      <Filter>Shader</Filter>
    </ClInclude>
    <ClInclude Include="targetver.h">
      <Filter>AvoidTheBoss</Filter>
    </ClInclude>
    <ClInclude Include="AvoidTheBoss.h" />
    <ClInclude Include="AvoidTheBoss.h">
      <Filter>AvoidTheBoss</Filter>
    </ClInclude>
    <ClInclude Include="SceneInterface.h">
      <Filter>SceneInterface</Filter>
    </ClInclude>
    <ClInclude Include="CScene.h">
      <Filter>GameScene</Filter>
    </ClInclude>
    <ClInclude Include="CBullet.h">
      <Filter>GameObject</Filter>
    </ClInclude>
    <ClInclude Include="CBoss.h">
      <Filter>Player\BOSS</Filter>
    </ClInclude>
    <ClInclude Include="CEmployee.h">
      <Filter>Player\EMPLOYEE</Filter>
    </ClInclude>
    <ClInclude Include="CGenerator.h">
      <Filter>GameObject</Filter>
    </ClInclude>
    <ClInclude Include="ClientSession.h">
      <Filter>ForClient\ClientSession</Filter>
    </ClInclude>
    <ClInclude Include="clientIocpCore.h">
      <Filter>ForClient\IocpCore</Filter>
    </ClInclude>
    <ClInclude Include="CollisionDetector.h">
      <Filter>Physics</Filter>
    </ClInclude>
    <ClInclude Include="ClientPacketEvent.h">
      <Filter>PacketEvent</Filter>
    </ClInclude>
    <ClInclude Include="CJobQueue.h">
      <Filter>JobQueue</Filter>
    </ClInclude>
    <ClInclude Include="DXRHelpers\nv_helpers_dx12\BottomLevelASGenerator.h" />
    <ClInclude Include="DXRHelpers\nv_helpers_dx12\RaytracingPipelineGenerator.h" />
    <ClInclude Include="DXRHelpers\nv_helpers_dx12\RootSignatureGenerator.h" />
    <ClInclude Include="DXRHelpers\nv_helpers_dx12\ShaderBindingTableGenerator.h" />
    <ClInclude Include="DXRHelpers\nv_helpers_dx12\TopLevelASGenerator.h" />
    <ClInclude Include="D3D12RaytracingRealTimeDenoisedAmbientOcclusion.h">
      <Filter>raytracing</Filter>
    </ClInclude>
    <ClInclude Include="RaytracingHlslCompat.h">
      <Filter>raytracing</Filter>
    </ClInclude>
    <ClInclude Include="RTAO\Denoiser.h">
      <Filter>raytracing\RTAO</Filter>
    </ClInclude>
    <ClInclude Include="RTAO\RTAO.h">
      <Filter>raytracing\RTAO</Filter>
    </ClInclude>
    <ClInclude Include="RTAO\RTAOGpuKernels.h">
      <Filter>raytracing\RTAO</Filter>
    </ClInclude>
    <ClInclude Include="RTAO\Sampler.h">
      <Filter>raytracing\RTAO</Filter>
    </ClInclude>
    <ClInclude Include="SampleCore\Composition.h">
      <Filter>raytracing\SampleCore</Filter>
    </ClInclude>
    <ClInclude Include="SampleCore\DirectXRaytracingHelper.h">
      <Filter>raytracing\SampleCore</Filter>
    </ClInclude>
    <ClInclude Include="SampleCore\GpuKernels.h">
      <Filter>raytracing\SampleCore</Filter>
    </ClInclude>
    <ClInclude Include="SampleCore\Pathtracer.h">
      <Filter>raytracing\SampleCore</Filter>
    </ClInclude>
    <ClInclude Include="SampleCore\RaytracingAccelerationStructure.h">
      <Filter>raytracing\SampleCore</Filter>
    </ClInclude>
    <ClInclude Include="SampleCore\RaytracingSceneDefines.h">
      <Filter>raytracing\SampleCore</Filter>
    </ClInclude>
    <ClInclude Include="SampleCore\Scene.h">
      <Filter>raytracing\SampleCore</Filter>
    </ClInclude>
    <ClInclude Include="SampleCore\SceneParameters.h">
      <Filter>raytracing\SampleCore</Filter>
    </ClInclude>
    <ClInclude Include="SampleCore\util\Camera.h">
      <Filter>raytracing\SampleCore\Util</Filter>
    </ClInclude>
    <ClInclude Include="SampleCore\util\CameraController.h">
      <Filter>raytracing\SampleCore\Util</Filter>
    </ClInclude>
    <ClInclude Include="SampleCore\util\DeviceResources.h">
      <Filter>raytracing\SampleCore\Util</Filter>
    </ClInclude>
    <ClInclude Include="SampleCore\util\EngineProfiling.h">
      <Filter>raytracing\SampleCore\Util</Filter>
    </ClInclude>
    <ClInclude Include="SampleCore\util\EngineTuning.h">
      <Filter>raytracing\SampleCore\Util</Filter>
    </ClInclude>
    <ClInclude Include="SampleCore\util\GameInput.h">
      <Filter>raytracing\SampleCore\Util</Filter>
    </ClInclude>
    <ClInclude Include="SampleCore\util\GpuResourceStateTracker.h">
      <Filter>raytracing\SampleCore\Util</Filter>
    </ClInclude>
    <ClInclude Include="SampleCore\util\GpuTimeManager.h">
      <Filter>raytracing\SampleCore\Util</Filter>
    </ClInclude>
    <ClInclude Include="SampleCore\util\PerformanceTimers.h">
      <Filter>raytracing\SampleCore\Util</Filter>
    </ClInclude>
    <ClInclude Include="SampleCore\util\StepTimer.h">
      <Filter>raytracing\SampleCore\Util</Filter>
    </ClInclude>
    <ClInclude Include="SampleCore\util\UILayer.h">
      <Filter>raytracing\SampleCore\Util</Filter>
    </ClInclude>
    <ClInclude Include="SampleCore\util\Win32Application.h">
      <Filter>raytracing\SampleCore\Util</Filter>
    </ClInclude>
    <ClInclude Include="SampleCore\PBRTParser\PBRTParser.h">
      <Filter>raytracing\SampleCore\PBRTParser</Filter>
    </ClInclude>
    <ClInclude Include="SampleCore\PBRTParser\PlyParser.h">
      <Filter>raytracing\SampleCore\PBRTParser</Filter>
    </ClInclude>
    <ClInclude Include="SampleCore\PBRTParser\SceneParser.h">
      <Filter>raytracing\SampleCore\PBRTParser</Filter>
    </ClInclude>
    <ClInclude Include="SampleCore\util\DXSample.h">
      <Filter>raytracing\SampleCore\Util</Filter>
    </ClInclude>
    <ClInclude Include="SampleCore\util\DXSampleHelper.h">
      <Filter>raytracing\SampleCore\Util</Filter>
    </ClInclude>
    <ClInclude Include="SampleCore\util\GpuResource.h">
      <Filter>raytracing\SampleCore\Util</Filter>
    </ClInclude>
  </ItemGroup>
  <ItemGroup>
    <ClCompile Include="AvoidTheBoss.cpp">
      <Filter>AvoidTheBoss</Filter>
    </ClCompile>
    <ClCompile Include="Player.cpp">
      <Filter>Player</Filter>
    </ClCompile>
    <ClCompile Include="GameFramework.cpp">
      <Filter>GameFrameWork</Filter>
    </ClCompile>
    <ClCompile Include="Shader.cpp">
      <Filter>Shader</Filter>
    </ClCompile>
    <ClCompile Include="pch.cpp">
      <Filter>AvoidTheBoss</Filter>
    </ClCompile>
    <ClCompile Include="clientIocpCore.cpp">
      <Filter>ClientIocpCore</Filter>
    </ClCompile>
    <ClCompile Include="SceneInterface.cpp">
      <Filter>SceneInterface</Filter>
    </ClCompile>
  </ItemGroup>
  <ItemGroup>
    <Image Include="AvoidTheBoss.ico">
      <Filter>Resource</Filter>
    </Image>
    <Image Include="Model\Textures\Boss_Texture.dds">
      <Filter>Textures</Filter>
    </Image>
    <Image Include="Model\Textures\Box_BaseColor.dds">
      <Filter>Textures</Filter>
    </Image>
    <Image Include="Model\Textures\Box_low_DefaultMaterial_BaseColor.dds">
      <Filter>Textures</Filter>
    </Image>
    <Image Include="Model\Textures\Boxs_Metallic.dds">
      <Filter>Textures</Filter>
    </Image>
    <Image Include="Model\Textures\Boxs_Normal.dds">
      <Filter>Textures</Filter>
    </Image>
    <Image Include="Model\Textures\Boxs_Roughness.dds">
      <Filter>Textures</Filter>
    </Image>
    <Image Include="Model\Textures\Conveyor.dds">
      <Filter>Textures</Filter>
    </Image>
    <Image Include="Model\Textures\Conveyor_Angle.dds">
      <Filter>Textures</Filter>
    </Image>
    <Image Include="Model\Textures\Conveyor_Middle.dds">
      <Filter>Textures</Filter>
    </Image>
    <Image Include="Model\Textures\Fire_Extinguisher.dds">
      <Filter>Textures</Filter>
    </Image>
    <Image Include="Model\Textures\Fork_Lift.dds">
      <Filter>Textures</Filter>
    </Image>
    <Image Include="Model\Textures\Generator.dds">
      <Filter>Textures</Filter>
    </Image>
    <Image Include="Model\Textures\Generator_Panel(2).dds">
      <Filter>Textures</Filter>
    </Image>
    <Image Include="Model\Textures\Generator_Panel.dds">
      <Filter>Textures</Filter>
    </Image>
    <Image Include="Model\Textures\Industry_EdgeFrame.dds">
      <Filter>Textures</Filter>
    </Image>
    <Image Include="Model\Textures\Industry_Field_Tile.dds">
      <Filter>Textures</Filter>
    </Image>
    <Image Include="Model\Textures\Industry_Field_Tile_BaseColor.dds">
      <Filter>Textures</Filter>
    </Image>
    <Image Include="Model\Textures\Industry_Field_Tile_Metallic.dds">
      <Filter>Textures</Filter>
    </Image>
    <Image Include="Model\Textures\Industry_Field_Tile_Normal.dds">
      <Filter>Textures</Filter>
    </Image>
    <Image Include="Model\Textures\Industry_Field_Tile_Roughness.dds">
      <Filter>Textures</Filter>
    </Image>
    <Image Include="Model\Textures\Industry_Pillar1.dds">
      <Filter>Textures</Filter>
    </Image>
    <Image Include="Model\Textures\Industry_Pillar1_BaseColor.dds">
      <Filter>Textures</Filter>
    </Image>
    <Image Include="Model\Textures\Industry_Pillar2.dds">
      <Filter>Textures</Filter>
    </Image>
    <Image Include="Model\Textures\Industry_Pillar2_BaseColor.dds">
      <Filter>Textures</Filter>
    </Image>
    <Image Include="Model\Textures\Industry_Pillar2_low_Industry_Pillar2_BaseColor.dds">
      <Filter>Textures</Filter>
    </Image>
    <Image Include="Model\Textures\Industry_Pillar2_low_Industry_Pillar2_Metallic.dds">
      <Filter>Textures</Filter>
    </Image>
    <Image Include="Model\Textures\Industry_Pillar2_low_Industry_Pillar2_Normal.dds">
      <Filter>Textures</Filter>
    </Image>
    <Image Include="Model\Textures\Industry_Pillar2_low_Industry_Pillar2_Roughness.dds">
      <Filter>Textures</Filter>
    </Image>
    <Image Include="Model\Textures\Industry_Roof_BaseColor.dds">
      <Filter>Textures</Filter>
    </Image>
    <Image Include="Model\Textures\Industry_RoofFrame.dds">
      <Filter>Textures</Filter>
    </Image>
    <Image Include="Model\Textures\Industry_Wall_BaseColor.dds">
      <Filter>Textures</Filter>
    </Image>
    <Image Include="Model\Textures\Oil_Drum.dds">
      <Filter>Textures</Filter>
    </Image>
    <Image Include="Model\Textures\Oxygen_Tank.dds">
      <Filter>Textures</Filter>
    </Image>
    <Image Include="Model\Textures\plane.dds">
      <Filter>Textures</Filter>
    </Image>
    <Image Include="Model\Textures\Shelf.dds">
      <Filter>Textures</Filter>
    </Image>
    <Image Include="Model\Textures\Wood_Pallet.dds">
      <Filter>Textures</Filter>
    </Image>
    <Image Include="Model\Textures\Wood_Pallet_Wood_Pallet_Main_BaseColor.dds">
      <Filter>Textures</Filter>
    </Image>
    <Image Include="Model\Textures\Wood_Pallet_Wood_Pallet_Main_Metallic.dds">
      <Filter>Textures</Filter>
    </Image>
    <Image Include="Model\Textures\Wood_Pallet_Wood_Pallet_Main_Normal.dds">
      <Filter>Textures</Filter>
    </Image>
    <Image Include="Model\Textures\Wood_Pallet_Wood_Pallet_Main_Roughness.dds">
      <Filter>Textures</Filter>
    </Image>
  </ItemGroup>
  <ItemGroup>
    <Filter Include="Resource">
      <UniqueIdentifier>{7e52bb48-1f91-4703-abf1-8299dd706789}</UniqueIdentifier>
    </Filter>
    <Filter Include="AvoidTheBoss">
      <UniqueIdentifier>{fee5a02e-4bd3-4a2c-88a2-f6827f98edcf}</UniqueIdentifier>
    </Filter>
    <Filter Include="GameObject">
      <UniqueIdentifier>{05a326a8-f411-4096-844f-12c3de82e26f}</UniqueIdentifier>
    </Filter>
    <Filter Include="GameScene">
      <UniqueIdentifier>{e4ce9da3-bd68-4bfc-9cb8-45f800d6cd51}</UniqueIdentifier>
    </Filter>
    <Filter Include="Camera">
      <UniqueIdentifier>{a881eff2-ecf9-4c10-930d-7777d38b72f0}</UniqueIdentifier>
    </Filter>
    <Filter Include="GameFramework">
      <UniqueIdentifier>{5f512bee-fa01-496f-928a-5ffe548e2624}</UniqueIdentifier>
    </Filter>
    <Filter Include="Mesh">
      <UniqueIdentifier>{02eb4d02-2f0c-498f-9818-1e2fa2d61896}</UniqueIdentifier>
    </Filter>
    <Filter Include="Player">
      <UniqueIdentifier>{c32e0765-a8d8-47c5-a3ee-a2edbf3a9f6e}</UniqueIdentifier>
    </Filter>
    <Filter Include="Shader">
      <UniqueIdentifier>{ce5abe85-1be1-4ab6-90e7-dd9b8e242c3d}</UniqueIdentifier>
    </Filter>
    <Filter Include="Texture">
      <UniqueIdentifier>{ba2c4739-1739-4582-b450-0442272e3d24}</UniqueIdentifier>
    </Filter>
    <Filter Include="SceneInterface">
      <UniqueIdentifier>{694d1a9b-e9a4-4322-89ea-27279e5f83ec}</UniqueIdentifier>
    </Filter>
    <Filter Include="Textures">
      <UniqueIdentifier>{f34dc00f-c3c5-46e0-9b02-019005ed489b}</UniqueIdentifier>
    </Filter>
    <Filter Include="Player\BOSS">
      <UniqueIdentifier>{d57d9bdd-9df7-4d6d-9795-3ef2c8ed98b5}</UniqueIdentifier>
    </Filter>
    <Filter Include="Player\EMPLOYEE">
      <UniqueIdentifier>{c925e172-b1e8-4fa0-8725-2a71f2dee802}</UniqueIdentifier>
    </Filter>
    <Filter Include="ForClient">
      <UniqueIdentifier>{eef5b8c8-2750-4883-b424-1f76a001346d}</UniqueIdentifier>
    </Filter>
    <Filter Include="ForClient\ClientSession">
      <UniqueIdentifier>{b14711bd-5e60-4f7a-aa97-db4ecafd7931}</UniqueIdentifier>
    </Filter>
    <Filter Include="ForClient\IocpCore">
      <UniqueIdentifier>{98cfeba8-062d-4d76-88ef-d41e0396c086}</UniqueIdentifier>
    </Filter>
    <Filter Include="Physics">
      <UniqueIdentifier>{73cebed3-babc-4eca-937c-352c470779db}</UniqueIdentifier>
    </Filter>
    <Filter Include="PacketEvent">
      <UniqueIdentifier>{14fdf138-71b4-4f50-a9e8-eafec120a2c8}</UniqueIdentifier>
    </Filter>
    <Filter Include="JobQueue">
      <UniqueIdentifier>{c1aa5372-2438-4231-acce-d36167578b94}</UniqueIdentifier>
    </Filter>
    <Filter Include="raytracing">
      <UniqueIdentifier>{2bf73961-2699-4ebd-9837-1c28df080d33}</UniqueIdentifier>
    </Filter>
    <Filter Include="raytracing\SampleCore">
      <UniqueIdentifier>{648c7308-8d43-4474-b385-3d9e9a8f743c}</UniqueIdentifier>
    </Filter>
    <Filter Include="raytracing\SampleCore\Util">
      <UniqueIdentifier>{dfd7a63d-df90-48f7-89b5-9c5b9a4a8d7c}</UniqueIdentifier>
    </Filter>
    <Filter Include="raytracing\SampleCore\PBRTParser">
      <UniqueIdentifier>{006f52b8-fcab-41c1-ac71-da0cdb1e51d7}</UniqueIdentifier>
    </Filter>
    <Filter Include="raytracing\RTAO">
      <UniqueIdentifier>{b39f0c76-58f6-4eeb-8952-61a528376524}</UniqueIdentifier>
    </Filter>
  </ItemGroup>
  <ItemGroup>
    <FxCompile Include="Shaders.hlsl">
      <Filter>Resource</Filter>
    </FxCompile>
    <FxCompile Include="Light.hlsl">
      <Filter>Shader</Filter>
    </FxCompile>
    <FxCompile Include="Common.hlsl">
      <Filter>Shader</Filter>
    </FxCompile>
    <FxCompile Include="Hit.hlsl">
      <Filter>Shader</Filter>
    </FxCompile>
    <FxCompile Include="Miss.hlsl">
      <Filter>Shader</Filter>
    </FxCompile>
    <FxCompile Include="RayGen.hlsl">
      <Filter>Shader</Filter>
    </FxCompile>
  </ItemGroup>
  <ItemGroup>
    <ResourceCompile Include="AvoidTheBoss.rc">
      <Filter>Resource</Filter>
    </ResourceCompile>
  </ItemGroup>
</Project>