
Microsoft Visual Studio Solution File, Format Version 12.00
# Visual Studio Version 17
VisualStudioVersion = 17.3.32819.101
MinimumVisualStudioVersion = 10.0.40219.1
Project("{8BC9CEB8-8B4A-11D0-8D11-00A0C91BC942}") = "AvoidTheBoss", "AvoidTheBoss\AvoidTheBoss.vcxproj", "{7CC5E69D-315D-4BE4-A205-2BFA21118094}"
EndProject
Project("{8BC9CEB8-8B4A-11D0-8D11-00A0C91BC942}") = "GAMESERVER", "FINALTERMSERVER\FINALTERMSERVER.vcxproj", "{CA9438C3-41D4-41B3-B897-B76FA649A778}"
EndProject
Project("{8BC9CEB8-8B4A-11D0-8D11-00A0C91BC942}") = "CoreEngine", "CoreEngine\ServerCoreEngine.vcxproj", "{F11D5BD7-5E0D-445E-A930-DC0A0A7280B7}"
EndProject
Global
	GlobalSection(SolutionConfigurationPlatforms) = preSolution
		Debug|x64 = Debug|x64
		Debug|x86 = Debug|x86
		Release|x64 = Release|x64
		Release|x86 = Release|x86
	EndGlobalSection
	GlobalSection(ProjectConfigurationPlatforms) = postSolution
		{7CC5E69D-315D-4BE4-A205-2BFA21118094}.Debug|x64.ActiveCfg = Debug|x64
		{7CC5E69D-315D-4BE4-A205-2BFA21118094}.Debug|x64.Build.0 = Debug|x64
		{7CC5E69D-315D-4BE4-A205-2BFA21118094}.Debug|x86.ActiveCfg = Debug|Win32
		{7CC5E69D-315D-4BE4-A205-2BFA21118094}.Debug|x86.Build.0 = Debug|Win32
		{7CC5E69D-315D-4BE4-A205-2BFA21118094}.Release|x64.ActiveCfg = Release|x64
		{7CC5E69D-315D-4BE4-A205-2BFA21118094}.Release|x64.Build.0 = Release|x64
		{7CC5E69D-315D-4BE4-A205-2BFA21118094}.Release|x86.ActiveCfg = Release|Win32
		{7CC5E69D-315D-4BE4-A205-2BFA21118094}.Release|x86.Build.0 = Release|Win32
		{CA9438C3-41D4-41B3-B897-B76FA649A778}.Debug|x64.ActiveCfg = Debug|x64
		{CA9438C3-41D4-41B3-B897-B76FA649A778}.Debug|x64.Build.0 = Debug|x64
		{CA9438C3-41D4-41B3-B897-B76FA649A778}.Debug|x86.ActiveCfg = Debug|Win32
		{CA9438C3-41D4-41B3-B897-B76FA649A778}.Debug|x86.Build.0 = Debug|Win32
		{CA9438C3-41D4-41B3-B897-B76FA649A778}.Release|x64.ActiveCfg = Release|x64
		{CA9438C3-41D4-41B3-B897-B76FA649A778}.Release|x64.Build.0 = Release|x64
		{CA9438C3-41D4-41B3-B897-B76FA649A778}.Release|x86.ActiveCfg = Release|Win32
		{CA9438C3-41D4-41B3-B897-B76FA649A778}.Release|x86.Build.0 = Release|Win32
		{F11D5BD7-5E0D-445E-A930-DC0A0A7280B7}.Debug|x64.ActiveCfg = Debug|x64
		{F11D5BD7-5E0D-445E-A930-DC0A0A7280B7}.Debug|x64.Build.0 = Debug|x64
		{F11D5BD7-5E0D-445E-A930-DC0A0A7280B7}.Debug|x86.ActiveCfg = Debug|Win32
		{F11D5BD7-5E0D-445E-A930-DC0A0A7280B7}.Debug|x86.Build.0 = Debug|Win32
		{F11D5BD7-5E0D-445E-A930-DC0A0A7280B7}.Release|x64.ActiveCfg = Release|x64
		{F11D5BD7-5E0D-445E-A930-DC0A0A7280B7}.Release|x64.Build.0 = Release|x64
		{F11D5BD7-5E0D-445E-A930-DC0A0A7280B7}.Release|x86.ActiveCfg = Release|Win32
		{F11D5BD7-5E0D-445E-A930-DC0A0A7280B7}.Release|x86.Build.0 = Release|Win32
	EndGlobalSection
	GlobalSection(SolutionProperties) = preSolution
		HideSolutionNode = FALSE
	EndGlobalSection
	GlobalSection(ExtensibilityGlobals) = postSolution
		SolutionGuid = {F37CEAEB-AF02-431F-84AB-2226DF5DF553}
	EndGlobalSection
EndGlobal
